
Microsoft Visual Studio Solution File, Format Version 12.00
# Visual Studio Version 17
VisualStudioVersion = 17.10.35013.160
MinimumVisualStudioVersion = 10.0.40219.1
Project("{FAE04EC0-301F-11D3-BF4B-00C04F79EFBC}") = "asp.net", "asp.net.csproj", "{A187E257-D0B9-47B3-96BE-A8DF095F598D}"
EndProject
Global
	GlobalSection(SolutionConfigurationPlatforms) = preSolution
		Debug|Any CPU = Debug|Any CPU
		Release|Any CPU = Release|Any CPU
	EndGlobalSection
	GlobalSection(ProjectConfigurationPlatforms) = postSolution
		{A187E257-D0B9-47B3-96BE-A8DF095F598D}.Debug|Any CPU.ActiveCfg = Debug|Any CPU
		{A187E257-D0B9-47B3-96BE-A8DF095F598D}.Debug|Any CPU.Build.0 = Debug|Any CPU
		{A187E257-D0B9-47B3-96BE-A8DF095F598D}.Release|Any CPU.ActiveCfg = Release|Any CPU
		{A187E257-D0B9-47B3-96BE-A8DF095F598D}.Release|Any CPU.Build.0 = Release|Any CPU
	EndGlobalSection
	GlobalSection(SolutionProperties) = preSolution
		HideSolutionNode = FALSE
	EndGlobalSection
	GlobalSection(ExtensibilityGlobals) = postSolution
		SolutionGuid = {C4E81A52-E110-4068-BE9B-83FA9D3065E9}
	EndGlobalSection
EndGlobal
